
Microsoft Visual Studio Solution File, Format Version 12.00
# Visual Studio Version 17
VisualStudioVersion = 17.14.37203.1 d17.14
MinimumVisualStudioVersion = 10.0.40219.1
Project("{8BC9CEB8-8B4A-11D0-8D11-00A0C91BC942}") = "calificaciones.cpp", "calificaciones.cpp.vcxproj", "{A17F564C-BAE0-4EB9-A5F0-AD767204F579}"
EndProject
Global
	GlobalSection(SolutionConfigurationPlatforms) = preSolution
		Debug|x64 = Debug|x64
		Debug|x86 = Debug|x86
		Release|x64 = Release|x64
		Release|x86 = Release|x86
	EndGlobalSection
	GlobalSection(ProjectConfigurationPlatforms) = postSolution
		{A17F564C-BAE0-4EB9-A5F0-AD767204F579}.Debug|x64.ActiveCfg = Debug|x64
		{A17F564C-BAE0-4EB9-A5F0-AD767204F579}.Debug|x64.Build.0 = Debug|x64
		{A17F564C-BAE0-4EB9-A5F0-AD767204F579}.Debug|x86.ActiveCfg = Debug|Win32
		{A17F564C-BAE0-4EB9-A5F0-AD767204F579}.Debug|x86.Build.0 = Debug|Win32
		{A17F564C-BAE0-4EB9-A5F0-AD767204F579}.Release|x64.ActiveCfg = Release|x64
		{A17F564C-BAE0-4EB9-A5F0-AD767204F579}.Release|x64.Build.0 = Release|x64
		{A17F564C-BAE0-4EB9-A5F0-AD767204F579}.Release|x86.ActiveCfg = Release|Win32
		{A17F564C-BAE0-4EB9-A5F0-AD767204F579}.Release|x86.Build.0 = Release|Win32
	EndGlobalSection
	GlobalSection(SolutionProperties) = preSolution
		HideSolutionNode = FALSE
	EndGlobalSection
	GlobalSection(ExtensibilityGlobals) = postSolution
		SolutionGuid = {F14D1E83-9914-4E8A-8F8D-56A6E5805987}
	EndGlobalSection
EndGlobal
